
Microsoft Visual Studio Solution File, Format Version 12.00
# Visual Studio Version 17
VisualStudioVersion = 17.3.32819.101
MinimumVisualStudioVersion = 10.0.40219.1
Project("{FAE04EC0-301F-11D3-BF4B-00C04F79EFBC}") = "CharpCalc", "CharpCalc.csproj", "{14E1D64B-3A1C-489C-96C9-8CDF84CEC4B7}"
EndProject
Global
	GlobalSection(SolutionConfigurationPlatforms) = preSolution
		Debug|Any CPU = Debug|Any CPU
		Release|Any CPU = Release|Any CPU
	EndGlobalSection
	GlobalSection(ProjectConfigurationPlatforms) = postSolution
		{14E1D64B-3A1C-489C-96C9-8CDF84CEC4B7}.Debug|Any CPU.ActiveCfg = Debug|Any CPU
		{14E1D64B-3A1C-489C-96C9-8CDF84CEC4B7}.Debug|Any CPU.Build.0 = Debug|Any CPU
		{14E1D64B-3A1C-489C-96C9-8CDF84CEC4B7}.Release|Any CPU.ActiveCfg = Release|Any CPU
		{14E1D64B-3A1C-489C-96C9-8CDF84CEC4B7}.Release|Any CPU.Build.0 = Release|Any CPU
	EndGlobalSection
	GlobalSection(SolutionProperties) = preSolution
		HideSolutionNode = FALSE
	EndGlobalSection
	GlobalSection(ExtensibilityGlobals) = postSolution
		SolutionGuid = {46E40611-1A0D-471C-ABF3-FA8E4149778C}
	EndGlobalSection
EndGlobal
